PODS:
  - Flutter (1.0.0)
  - path_provider (0.0.1):
    - Flutter
  - sound_stream (0.0.1):
    - Flutter

DEPENDENCIES:
  - Flutter (from `Flutter`)
  - path_provider (from `.symlinks/plugins/path_provider/ios`)
  - sound_stream (from `.symlinks/plugins/sound_stream/ios`)

EXTERNAL SOURCES:
  Flutter:
    :path: Flutter
  path_provider:
    :path: ".symlinks/plugins/path_provider/ios"
  sound_stream:
    :path: ".symlinks/plugins/sound_stream/ios"

SPEC CHECKSUMS:
  Flutter: 434fef37c0980e73bb6479ef766c45957d4b510c
  path_provider: abfe2b5c733d04e238b0d8691db0cfd63a27a93c
  sound_stream: eba0f2a5994b91d9e5009a739df6e98515a7b44f

PODFILE CHECKSUM: aafe91acc616949ddb318b77800a7f51bffa2a4c

COCOAPODS: 1.10.1
